
Microsoft Visual Studio Solution File, Format Version 12.00
# Visual Studio Version 16
VisualStudioVersion = 16.0.30523.141
MinimumVisualStudioVersion = 10.0.40219.1
Project("{8BC9CEB8-8B4A-11D0-8D11-00A0C91BC942}") = "0313", "0313\0313.vcxproj", "{83D59F76-1B0B-4CF5-8A8D-FC52DCA2554B}"
EndProject
Project("{8BC9CEB8-8B4A-11D0-8D11-00A0C91BC942}") = "2주 연습", "2주 연습\2주 연습.vcxproj", "{B3BA0195-5858-4354-A9DA-E0C799F02BE0}"
EndProject
Project("{8BC9CEB8-8B4A-11D0-8D11-00A0C91BC942}") = "3주 연습", "3주 연습\3주 연습.vcxproj", "{E668AF5B-0490-4869-BAA2-A2A3A9E0E506}"
EndProject
Project("{8BC9CEB8-8B4A-11D0-8D11-00A0C91BC942}") = "연습용", "연습용\연습용.vcxproj", "{F4B3BAD6-F2D4-4417-A93F-D2989C271706}"
EndProject
Project("{8BC9CEB8-8B4A-11D0-8D11-00A0C91BC942}") = "4주 연습", "4주 연습\4주 연습.vcxproj", "{0AE690C2-3758-4F4B-ABF9-DCBAE7B84BCC}"
EndProject
Project("{8BC9CEB8-8B4A-11D0-8D11-00A0C91BC942}") = "5주 연습", "5주 연습\5주 연습.vcxproj", "{C3CAEDEA-E16F-4218-8446-4C5D9F45A109}"
EndProject
Project("{8BC9CEB8-8B4A-11D0-8D11-00A0C91BC942}") = "6주 연습", "6주 연습\6주 연습.vcxproj", "{46E0ABF3-1531-4F40-AF5A-D79F5272B2D2}"
EndProject
Project("{8BC9CEB8-8B4A-11D0-8D11-00A0C91BC942}") = "7주 연습", "7주 롤딕\7주 롤딕.vcxproj", "{DA193A1F-F2DB-4C01-9A45-8CBF8DE890E3}"
EndProject
Project("{8BC9CEB8-8B4A-11D0-8D11-00A0C91BC942}") = "8주 연습", "8주 연습\8주 연습.vcxproj", "{635DCD1B-38E0-42B9-8462-E7F6F1E679FD}"
EndProject
Project("{8BC9CEB8-8B4A-11D0-8D11-00A0C91BC942}") = "9주 연습", "9주 연습\9주 연습.vcxproj", "{1F5574EC-0506-4B6A-81D5-2939CC58E85E}"
EndProject
Project("{8BC9CEB8-8B4A-11D0-8D11-00A0C91BC942}") = "10주 연습", "10주 연습\10주 연습.vcxproj", "{F332C193-1BEF-4604-A63B-0AB1EC26F1A6}"
EndProject
Project("{8BC9CEB8-8B4A-11D0-8D11-00A0C91BC942}") = "11주 연습", "11주 연습\11주 연습.vcxproj", "{8F7361D2-0D9C-4346-BE6F-4CB09FA298D3}"
EndProject
Project("{8BC9CEB8-8B4A-11D0-8D11-00A0C91BC942}") = "12주 연습", "12주 연습\12주 연습.vcxproj", "{4BAA4EB3-03D8-4118-A992-058345A85329}"
EndProject
Project("{8BC9CEB8-8B4A-11D0-8D11-00A0C91BC942}") = "자구 중간고사 연습", "자구 중간고사 연습\자구 중간고사 연습.vcxproj", "{937E540F-583A-486C-B2EB-FDAB1EA29F42}"
EndProject
Project("{8BC9CEB8-8B4A-11D0-8D11-00A0C91BC942}") = "13주 연습", "13주 연습\13주 연습.vcxproj", "{53FB446B-3206-4A19-9EAD-843790AD1D19}"
EndProject
Global
	GlobalSection(SolutionConfigurationPlatforms) = preSolution
		Debug|x64 = Debug|x64
		Debug|x86 = Debug|x86
		Release|x64 = Release|x64
		Release|x86 = Release|x86
	EndGlobalSection
	GlobalSection(ProjectConfigurationPlatforms) = postSolution
		{83D59F76-1B0B-4CF5-8A8D-FC52DCA2554B}.Debug|x64.ActiveCfg = Debug|x64
		{83D59F76-1B0B-4CF5-8A8D-FC52DCA2554B}.Debug|x64.Build.0 = Debug|x64
		{83D59F76-1B0B-4CF5-8A8D-FC52DCA2554B}.Debug|x86.ActiveCfg = Debug|Win32
		{83D59F76-1B0B-4CF5-8A8D-FC52DCA2554B}.Debug|x86.Build.0 = Debug|Win32
		{83D59F76-1B0B-4CF5-8A8D-FC52DCA2554B}.Release|x64.ActiveCfg = Release|x64
		{83D59F76-1B0B-4CF5-8A8D-FC52DCA2554B}.Release|x64.Build.0 = Release|x64
		{83D59F76-1B0B-4CF5-8A8D-FC52DCA2554B}.Release|x86.ActiveCfg = Release|Win32
		{83D59F76-1B0B-4CF5-8A8D-FC52DCA2554B}.Release|x86.Build.0 = Release|Win32
		{B3BA0195-5858-4354-A9DA-E0C799F02BE0}.Debug|x64.ActiveCfg = Debug|x64
		{B3BA0195-5858-4354-A9DA-E0C799F02BE0}.Debug|x64.Build.0 = Debug|x64
		{B3BA0195-5858-4354-A9DA-E0C799F02BE0}.Debug|x86.ActiveCfg = Debug|Win32
		{B3BA0195-5858-4354-A9DA-E0C799F02BE0}.Debug|x86.Build.0 = Debug|Win32
		{B3BA0195-5858-4354-A9DA-E0C799F02BE0}.Release|x64.ActiveCfg = Release|x64
		{B3BA0195-5858-4354-A9DA-E0C799F02BE0}.Release|x64.Build.0 = Release|x64
		{B3BA0195-5858-4354-A9DA-E0C799F02BE0}.Release|x86.ActiveCfg = Release|Win32
		{B3BA0195-5858-4354-A9DA-E0C799F02BE0}.Release|x86.Build.0 = Release|Win32
		{E668AF5B-0490-4869-BAA2-A2A3A9E0E506}.Debug|x64.ActiveCfg = Debug|x64
		{E668AF5B-0490-4869-BAA2-A2A3A9E0E506}.Debug|x64.Build.0 = Debug|x64
		{E668AF5B-0490-4869-BAA2-A2A3A9E0E506}.Debug|x86.ActiveCfg = Debug|Win32
		{E668AF5B-0490-4869-BAA2-A2A3A9E0E506}.Debug|x86.Build.0 = Debug|Win32
		{E668AF5B-0490-4869-BAA2-A2A3A9E0E506}.Release|x64.ActiveCfg = Release|x64
		{E668AF5B-0490-4869-BAA2-A2A3A9E0E506}.Release|x64.Build.0 = Release|x64
		{E668AF5B-0490-4869-BAA2-A2A3A9E0E506}.Release|x86.ActiveCfg = Release|Win32
		{E668AF5B-0490-4869-BAA2-A2A3A9E0E506}.Release|x86.Build.0 = Release|Win32
		{F4B3BAD6-F2D4-4417-A93F-D2989C271706}.Debug|x64.ActiveCfg = Debug|x64
		{F4B3BAD6-F2D4-4417-A93F-D2989C271706}.Debug|x64.Build.0 = Debug|x64
		{F4B3BAD6-F2D4-4417-A93F-D2989C271706}.Debug|x86.ActiveCfg = Debug|Win32
		{F4B3BAD6-F2D4-4417-A93F-D2989C271706}.Debug|x86.Build.0 = Debug|Win32
		{F4B3BAD6-F2D4-4417-A93F-D2989C271706}.Release|x64.ActiveCfg = Release|x64
		{F4B3BAD6-F2D4-4417-A93F-D2989C271706}.Release|x64.Build.0 = Release|x64
		{F4B3BAD6-F2D4-4417-A93F-D2989C271706}.Release|x86.ActiveCfg = Release|Win32
		{F4B3BAD6-F2D4-4417-A93F-D2989C271706}.Release|x86.Build.0 = Release|Win32
		{0AE690C2-3758-4F4B-ABF9-DCBAE7B84BCC}.Debug|x64.ActiveCfg = Debug|x64
		{0AE690C2-3758-4F4B-ABF9-DCBAE7B84BCC}.Debug|x64.Build.0 = Debug|x64
		{0AE690C2-3758-4F4B-ABF9-DCBAE7B84BCC}.Debug|x86.ActiveCfg = Debug|Win32
		{0AE690C2-3758-4F4B-ABF9-DCBAE7B84BCC}.Debug|x86.Build.0 = Debug|Win32
		{0AE690C2-3758-4F4B-ABF9-DCBAE7B84BCC}.Release|x64.ActiveCfg = Release|x64
		{0AE690C2-3758-4F4B-ABF9-DCBAE7B84BCC}.Release|x64.Build.0 = Release|x64
		{0AE690C2-3758-4F4B-ABF9-DCBAE7B84BCC}.Release|x86.ActiveCfg = Release|Win32
		{0AE690C2-3758-4F4B-ABF9-DCBAE7B84BCC}.Release|x86.Build.0 = Release|Win32
		{C3CAEDEA-E16F-4218-8446-4C5D9F45A109}.Debug|x64.ActiveCfg = Debug|x64
		{C3CAEDEA-E16F-4218-8446-4C5D9F45A109}.Debug|x64.Build.0 = Debug|x64
		{C3CAEDEA-E16F-4218-8446-4C5D9F45A109}.Debug|x86.ActiveCfg = Debug|Win32
		{C3CAEDEA-E16F-4218-8446-4C5D9F45A109}.Debug|x86.Build.0 = Debug|Win32
		{C3CAEDEA-E16F-4218-8446-4C5D9F45A109}.Release|x64.ActiveCfg = Release|x64
		{C3CAEDEA-E16F-4218-8446-4C5D9F45A109}.Release|x64.Build.0 = Release|x64
		{C3CAEDEA-E16F-4218-8446-4C5D9F45A109}.Release|x86.ActiveCfg = Release|Win32
		{C3CAEDEA-E16F-4218-8446-4C5D9F45A109}.Release|x86.Build.0 = Release|Win32
		{46E0ABF3-1531-4F40-AF5A-D79F5272B2D2}.Debug|x64.ActiveCfg = Debug|x64
		{46E0ABF3-1531-4F40-AF5A-D79F5272B2D2}.Debug|x64.Build.0 = Debug|x64
		{46E0ABF3-1531-4F40-AF5A-D79F5272B2D2}.Debug|x86.ActiveCfg = Debug|Win32
		{46E0ABF3-1531-4F40-AF5A-D79F5272B2D2}.Debug|x86.Build.0 = Debug|Win32
		{46E0ABF3-1531-4F40-AF5A-D79F5272B2D2}.Release|x64.ActiveCfg = Release|x64
		{46E0ABF3-1531-4F40-AF5A-D79F5272B2D2}.Release|x64.Build.0 = Release|x64
		{46E0ABF3-1531-4F40-AF5A-D79F5272B2D2}.Release|x86.ActiveCfg = Release|Win32
		{46E0ABF3-1531-4F40-AF5A-D79F5272B2D2}.Release|x86.Build.0 = Release|Win32
		{DA193A1F-F2DB-4C01-9A45-8CBF8DE890E3}.Debug|x64.ActiveCfg = Debug|x64
		{DA193A1F-F2DB-4C01-9A45-8CBF8DE890E3}.Debug|x64.Build.0 = Debug|x64
		{DA193A1F-F2DB-4C01-9A45-8CBF8DE890E3}.Debug|x86.ActiveCfg = Debug|Win32
		{DA193A1F-F2DB-4C01-9A45-8CBF8DE890E3}.Debug|x86.Build.0 = Debug|Win32
		{DA193A1F-F2DB-4C01-9A45-8CBF8DE890E3}.Release|x64.ActiveCfg = Release|x64
		{DA193A1F-F2DB-4C01-9A45-8CBF8DE890E3}.Release|x64.Build.0 = Release|x64
		{DA193A1F-F2DB-4C01-9A45-8CBF8DE890E3}.Release|x86.ActiveCfg = Release|Win32
		{DA193A1F-F2DB-4C01-9A45-8CBF8DE890E3}.Release|x86.Build.0 = Release|Win32
		{635DCD1B-38E0-42B9-8462-E7F6F1E679FD}.Debug|x64.ActiveCfg = Debug|x64
		{635DCD1B-38E0-42B9-8462-E7F6F1E679FD}.Debug|x64.Build.0 = Debug|x64
		{635DCD1B-38E0-42B9-8462-E7F6F1E679FD}.Debug|x86.ActiveCfg = Debug|Win32
		{635DCD1B-38E0-42B9-8462-E7F6F1E679FD}.Debug|x86.Build.0 = Debug|Win32
		{635DCD1B-38E0-42B9-8462-E7F6F1E679FD}.Release|x64.ActiveCfg = Release|x64
		{635DCD1B-38E0-42B9-8462-E7F6F1E679FD}.Release|x64.Build.0 = Release|x64
		{635DCD1B-38E0-42B9-8462-E7F6F1E679FD}.Release|x86.ActiveCfg = Release|Win32
		{635DCD1B-38E0-42B9-8462-E7F6F1E679FD}.Release|x86.Build.0 = Release|Win32
		{1F5574EC-0506-4B6A-81D5-2939CC58E85E}.Debug|x64.ActiveCfg = Debug|x64
		{1F5574EC-0506-4B6A-81D5-2939CC58E85E}.Debug|x64.Build.0 = Debug|x64
		{1F5574EC-0506-4B6A-81D5-2939CC58E85E}.Debug|x86.ActiveCfg = Debug|Win32
		{1F5574EC-0506-4B6A-81D5-2939CC58E85E}.Debug|x86.Build.0 = Debug|Win32
		{1F5574EC-0506-4B6A-81D5-2939CC58E85E}.Release|x64.ActiveCfg = Release|x64
		{1F5574EC-0506-4B6A-81D5-2939CC58E85E}.Release|x64.Build.0 = Release|x64
		{1F5574EC-0506-4B6A-81D5-2939CC58E85E}.Release|x86.ActiveCfg = Release|Win32
		{1F5574EC-0506-4B6A-81D5-2939CC58E85E}.Release|x86.Build.0 = Release|Win32
		{F332C193-1BEF-4604-A63B-0AB1EC26F1A6}.Debug|x64.ActiveCfg = Debug|x64
		{F332C193-1BEF-4604-A63B-0AB1EC26F1A6}.Debug|x64.Build.0 = Debug|x64
		{F332C193-1BEF-4604-A63B-0AB1EC26F1A6}.Debug|x86.ActiveCfg = Debug|Win32
		{F332C193-1BEF-4604-A63B-0AB1EC26F1A6}.Debug|x86.Build.0 = Debug|Win32
		{F332C193-1BEF-4604-A63B-0AB1EC26F1A6}.Release|x64.ActiveCfg = Release|x64
		{F332C193-1BEF-4604-A63B-0AB1EC26F1A6}.Release|x64.Build.0 = Release|x64
		{F332C193-1BEF-4604-A63B-0AB1EC26F1A6}.Release|x86.ActiveCfg = Release|Win32
		{F332C193-1BEF-4604-A63B-0AB1EC26F1A6}.Release|x86.Build.0 = Release|Win32
		{8F7361D2-0D9C-4346-BE6F-4CB09FA298D3}.Debug|x64.ActiveCfg = Debug|x64
		{8F7361D2-0D9C-4346-BE6F-4CB09FA298D3}.Debug|x64.Build.0 = Debug|x64
		{8F7361D2-0D9C-4346-BE6F-4CB09FA298D3}.Debug|x86.ActiveCfg = Debug|Win32
		{8F7361D2-0D9C-4346-BE6F-4CB09FA298D3}.Debug|x86.Build.0 = Debug|Win32
		{8F7361D2-0D9C-4346-BE6F-4CB09FA298D3}.Release|x64.ActiveCfg = Release|x64
		{8F7361D2-0D9C-4346-BE6F-4CB09FA298D3}.Release|x64.Build.0 = Release|x64
		{8F7361D2-0D9C-4346-BE6F-4CB09FA298D3}.Release|x86.ActiveCfg = Release|Win32
		{8F7361D2-0D9C-4346-BE6F-4CB09FA298D3}.Release|x86.Build.0 = Release|Win32
		{4BAA4EB3-03D8-4118-A992-058345A85329}.Debug|x64.ActiveCfg = Debug|x64
		{4BAA4EB3-03D8-4118-A992-058345A85329}.Debug|x64.Build.0 = Debug|x64
		{4BAA4EB3-03D8-4118-A992-058345A85329}.Debug|x86.ActiveCfg = Debug|Win32
		{4BAA4EB3-03D8-4118-A992-058345A85329}.Debug|x86.Build.0 = Debug|Win32
		{4BAA4EB3-03D8-4118-A992-058345A85329}.Release|x64.ActiveCfg = Release|x64
		{4BAA4EB3-03D8-4118-A992-058345A85329}.Release|x64.Build.0 = Release|x64
		{4BAA4EB3-03D8-4118-A992-058345A85329}.Release|x86.ActiveCfg = Release|Win32
		{4BAA4EB3-03D8-4118-A992-058345A85329}.Release|x86.Build.0 = Release|Win32
		{937E540F-583A-486C-B2EB-FDAB1EA29F42}.Debug|x64.ActiveCfg = Debug|x64
		{937E540F-583A-486C-B2EB-FDAB1EA29F42}.Debug|x64.Build.0 = Debug|x64
		{937E540F-583A-486C-B2EB-FDAB1EA29F42}.Debug|x86.ActiveCfg = Debug|Win32
		{937E540F-583A-486C-B2EB-FDAB1EA29F42}.Debug|x86.Build.0 = Debug|Win32
		{937E540F-583A-486C-B2EB-FDAB1EA29F42}.Release|x64.ActiveCfg = Release|x64
		{937E540F-583A-486C-B2EB-FDAB1EA29F42}.Release|x64.Build.0 = Release|x64
		{937E540F-583A-486C-B2EB-FDAB1EA29F42}.Release|x86.ActiveCfg = Release|Win32
		{937E540F-583A-486C-B2EB-FDAB1EA29F42}.Release|x86.Build.0 = Release|Win32
		{53FB446B-3206-4A19-9EAD-843790AD1D19}.Debug|x64.ActiveCfg = Debug|x64
		{53FB446B-3206-4A19-9EAD-843790AD1D19}.Debug|x64.Build.0 = Debug|x64
		{53FB446B-3206-4A19-9EAD-843790AD1D19}.Debug|x86.ActiveCfg = Debug|Win32
		{53FB446B-3206-4A19-9EAD-843790AD1D19}.Debug|x86.Build.0 = Debug|Win32
		{53FB446B-3206-4A19-9EAD-843790AD1D19}.Release|x64.ActiveCfg = Release|x64
		{53FB446B-3206-4A19-9EAD-843790AD1D19}.Release|x64.Build.0 = Release|x64
		{53FB446B-3206-4A19-9EAD-843790AD1D19}.Release|x86.ActiveCfg = Release|Win32
		{53FB446B-3206-4A19-9EAD-843790AD1D19}.Release|x86.Build.0 = Release|Win32
	EndGlobalSection
	GlobalSection(SolutionProperties) = preSolution
		HideSolutionNode = FALSE
	EndGlobalSection
	GlobalSection(ExtensibilityGlobals) = postSolution
		SolutionGuid = {5B679735-4D24-4275-92ED-FBF5A35485C0}
	EndGlobalSection
EndGlobal
